{
  "version": 4,
  "terraform_version": "1.15.7",
  "serial": 1,
  "lineage": "01f0891b-748a-7eb0-4b0d-3b826e22013b",
  "outputs": {},
  "resources": [
    {
      "mode": "managed",
      "type": "aws_instance",
      "name": "EC2_instance",
      "provider": "provider[\"registry.terraform.io/hashicorp/aws\"]",
      "instances": [
        {
          "schema_version": 2,
          "attributes": {
            "ami": "ami-0aba19e56f3eaec05",
            "arn": "arn:aws:ec2:eu-north-1:534689574314:instance/i-009a1a87748dd2eda",
            "associate_public_ip_address": true,
            "availability_zone": "eu-north-1a",
            "capacity_reservation_specification": [
              {
                "capacity_reservation_preference": "open",
                "capacity_reservation_target": []
              }
            ],
            "cpu_options": [
              {
                "amd_sev_snp": "",
                "core_count": 1,
                "nested_virtualization": "",
                "threads_per_core": 2
              }
            ],
            "credit_specification": [
              {
                "cpu_credits": "unlimited"
              }
            ],
            "disable_api_stop": false,
            "disable_api_termination": false,
            "ebs_block_device": [
              {
                "delete_on_termination": true,
                "device_name": "/dev/sda1",
                "encrypted": false,
                "iops": 3000,
                "kms_key_id": "",
                "snapshot_id": "",
                "tags": {
                  "Name": "RootVolume"
                },
                "tags_all": {
                  "Name": "RootVolume"
                },
                "throughput": 125,
                "volume_id": "vol-0253814d95fef0e12",
                "volume_size": 20,
                "volume_type": "gp3"
              }
            ],
            "ebs_optimized": false,
            "enable_primary_ipv6": null,
            "enclave_options": [
              {
                "enabled": false
              }
            ],
            "ephemeral_block_device": [],
            "force_destroy": false,
            "get_password_data": false,
            "hibernation": false,
            "host_id": "",
            "host_resource_group_arn": null,
            "iam_instance_profile": "",
            "id": "i-009a1a87748dd2eda",
            "instance_initiated_shutdown_behavior": "stop",
            "instance_lifecycle": "",
            "instance_market_options": [],
            "instance_state": "running",
            "instance_type": "t3.small",
            "ipv6_address_count": 0,
            "ipv6_addresses": [],
            "key_name": "Stockholm_3",
            "launch_template": [],
            "maintenance_options": [
              {
                "auto_recovery": "default"
              }
            ],
            "metadata_options": [
              {
                "http_endpoint": "enabled",
                "http_protocol_ipv6": "disabled",
                "http_put_response_hop_limit": 2,
                "http_tokens": "required",
                "instance_metadata_tags": "disabled"
              }
            ],
            "monitoring": false,
            "network_interface": [],
            "outpost_arn": "",
            "password_data": "",
            "placement_group": "",
            "placement_group_id": "",
            "placement_partition_number": 0,
            "primary_network_interface": [
              {
                "delete_on_termination": true,
                "network_interface_id": "eni-026ddf850cc4bcf60"
              }
            ],
            "primary_network_interface_id": "eni-026ddf850cc4bcf60",
            "private_dns": "ip-172-31-27-242.eu-north-1.compute.internal",
            "private_dns_name_options": [
              {
                "enable_resource_name_dns_a_record": false,
                "enable_resource_name_dns_aaaa_record": false,
                "hostname_type": "ip-name"
              }
            ],
            "private_ip": "172.31.27.242",
            "public_dns": "ec2-13-62-230-159.eu-north-1.compute.amazonaws.com",
            "public_ip": "13.62.230.159",
            "region": "eu-north-1",
            "root_block_device": [
              {
                "delete_on_termination": true,
                "device_name": "/dev/sda1",
                "encrypted": false,
                "iops": 3000,
                "kms_key_id": "",
                "tags": {
                  "Name": "RootVolume"
                },
                "tags_all": {
                  "Name": "RootVolume"
                },
                "throughput": 125,
                "volume_id": "vol-0253814d95fef0e12",
                "volume_size": 20,
                "volume_type": "gp3"
              }
            ],
            "secondary_network_interface": [],
            "secondary_private_ips": [],
            "security_groups": [
              "default"
            ],
            "source_dest_check": true,
            "spot_instance_request_id": "",
            "subnet_id": "subnet-02ca4ed60fd6a11b4",
            "tags": {
              "Name": "Demo Instance"
            },
            "tags_all": {
              "Name": "Demo Instance"
            },
            "tenancy": "default",
            "timeouts": null,
            "user_data": null,
            "user_data_base64": null,
            "user_data_replace_on_change": false,
            "volume_tags": null,
            "vpc_security_group_ids": [
              "sg-01df5d61371b274bb"
            ]
          },
          "sensitive_attributes": [],
          "identity_schema_version": 0,
          "identity": {
            "account_id": "534689574314",
            "id": "i-009a1a87748dd2eda",
            "region": "eu-north-1"
          },
          "private": "eyJlMmJmYjczMC1lY2FhLTExZTYtOGY4OC0zNDM2M2JjN2M0YzAiOnsiY3JlYXRlIjo2MDAwMDAwMDAwMDAsImRlbGV0ZSI6MTIwMDAwMDAwMDAwMCwicmVhZCI6OTAwMDAwMDAwMDAwLCJ1cGRhdGUiOjYwMDAwMDAwMDAwMH0sInNjaGVtYV92ZXJzaW9uIjoiMiJ9"
        }
      ]
    }
  ],
  "check_results": null
}
